<Solution>
  <Folder Name="/Solution Items/">
    <File Path="README.md" />
    <File Path="Resources/Claude_TDHC_TDMCP.gif" />
    <File Path="Resources/LLM_IA_pilotant_TDHC.png" />
    <File Path="Resources/LLM_IA_pilotant_TDHC.txt" />
    <File Path="Resources/LLM_IA_pilotant_TDHC_Concept.png" />
    <File Path="Resources/LLM_IA_pilotant_TDHC_Concept.svg" />
    <File Path="Resources/LLM_IA_pilotant_TDHC_Concept_2API.png" />
    <File Path="Resources/LLM_IA_pilotant_TDHC_Concept_2API.svg" />
    <File Path="Resources/LLM_IA_pilotant_TDHC_Concept_Full.png" />
    <File Path="Resources/LLM_IA_pilotant_TDHC_Concept_Full.svg" />
    <File Path="Resources/LLM_IA_pilotant_TDHC_Full.png" />
    <File Path="Resources/LLM_IA_pilotant_TDHC_Full.txt" />
    <File Path="Resources/PatientDOEJohn.jpg" />
    <File Path="Resources/TDHC_IA_MCP_TDHC.pptx" />
    <File Path="Slides.md" />
  </Folder>
  <Project Path="TD.PatientManagement.SOAPClient.Playwright/TD.PatientManagement.SOAPClient.Playwright.csproj" />
  <Project Path="TD.PatientManagement.SOAPClient.Tests/TD.PatientManagement.SOAPClient.Tests.csproj" />
  <Project Path="TD.PatientManagement.SOAPClient/TD.PatientManagement.SOAPClient.csproj" />
  <Project Path="TD.Technical.ODataClient.Tests/TD.Technical.ODataClient.Tests.csproj" Id="b1281640-9dc9-4085-816b-6a56e6386bac" />
  <Project Path="TD.Technical.ODataClient/TD.Technical.ODataClient.csproj" Id="4bce8758-ec62-4798-8022-a0a37788ed73" />
  <Project Path="TDMCPApp/TDMCPApp.csproj" />
</Solution>
