<Solution>
  <Folder Name="/Solution Items/">
    <File Path="LLM_IA_pilotant_TDHC.png" />
    <File Path="LLM_IA_pilotant_TDHC.txt" />
    <File Path="README.md" />
  </Folder>
  <Project Path="TD.PatientManagement.SOAPClient.Tests/TD.PatientManagement.SOAPClient.Tests.csproj" />
  <Project Path="TD.PatientManagement.SOAPClient/TD.PatientManagement.SOAPClient.csproj" />
  <Project Path="TDMCPApp/TDMCPApp.csproj" />
</Solution>
